
Microsoft Visual Studio Solution File, Format Version 12.00
# Visual Studio 15
VisualStudioVersion = 15.0.27130.2027
MinimumVisualStudioVersion = 10.0.40219.1
Project("{FAE04EC0-301F-11D3-BF4B-00C04F79EFBC}") = "BookManagement.Model", "BookManagement.Model\BookManagement.Model.csproj", "{FD78224C-6473-4516-BEA0-41DE4A1C584D}"
EndProject
Project("{FAE04EC0-301F-11D3-BF4B-00C04F79EFBC}") = "BookManagement.Data", "BookManagement.Data\BookManagement.Data.csproj", "{F85213FC-70F1-44F4-8E58-358142531646}"
EndProject
Project("{FAE04EC0-301F-11D3-BF4B-00C04F79EFBC}") = "BookManagement.Common", "BookManagement.Common\BookManagement.Common.csproj", "{DD26AED3-9272-4E60-B215-EAFDEA605640}"
EndProject
Project("{FAE04EC0-301F-11D3-BF4B-00C04F79EFBC}") = "BookManagement.Service", "BookManagement.Service\BookManagement.Service.csproj", "{041EBAD7-E784-4C1B-A058-63F1DB629D3F}"
EndProject
Project("{FAE04EC0-301F-11D3-BF4B-00C04F79EFBC}") = "BookManagement.UnitTest", "BookManagement.UnitTest\BookManagement.UnitTest.csproj", "{09A11DAD-75FC-4B7B-A0C2-57F9A0B5BDA3}"
EndProject
Project("{FAE04EC0-301F-11D3-BF4B-00C04F79EFBC}") = "BookManagement.Web", "BookManagement.Web\BookManagement.Web.csproj", "{4D9F9327-0A10-4507-B200-6BF9606AADE3}"
EndProject
Global
	GlobalSection(SolutionConfigurationPlatforms) = preSolution
		Debug|Any CPU = Debug|Any CPU
		Release|Any CPU = Release|Any CPU
	EndGlobalSection
	GlobalSection(ProjectConfigurationPlatforms) = postSolution
		{FD78224C-6473-4516-BEA0-41DE4A1C584D}.Debug|Any CPU.ActiveCfg = Debug|Any CPU
		{FD78224C-6473-4516-BEA0-41DE4A1C584D}.Debug|Any CPU.Build.0 = Debug|Any CPU
		{FD78224C-6473-4516-BEA0-41DE4A1C584D}.Release|Any CPU.ActiveCfg = Release|Any CPU
		{FD78224C-6473-4516-BEA0-41DE4A1C584D}.Release|Any CPU.Build.0 = Release|Any CPU
		{F85213FC-70F1-44F4-8E58-358142531646}.Debug|Any CPU.ActiveCfg = Debug|Any CPU
		{F85213FC-70F1-44F4-8E58-358142531646}.Debug|Any CPU.Build.0 = Debug|Any CPU
		{F85213FC-70F1-44F4-8E58-358142531646}.Release|Any CPU.ActiveCfg = Release|Any CPU
		{F85213FC-70F1-44F4-8E58-358142531646}.Release|Any CPU.Build.0 = Release|Any CPU
		{DD26AED3-9272-4E60-B215-EAFDEA605640}.Debug|Any CPU.ActiveCfg = Debug|Any CPU
		{DD26AED3-9272-4E60-B215-EAFDEA605640}.Debug|Any CPU.Build.0 = Debug|Any CPU
		{DD26AED3-9272-4E60-B215-EAFDEA605640}.Release|Any CPU.ActiveCfg = Release|Any CPU
		{DD26AED3-9272-4E60-B215-EAFDEA605640}.Release|Any CPU.Build.0 = Release|Any CPU
		{041EBAD7-E784-4C1B-A058-63F1DB629D3F}.Debug|Any CPU.ActiveCfg = Debug|Any CPU
		{041EBAD7-E784-4C1B-A058-63F1DB629D3F}.Debug|Any CPU.Build.0 = Debug|Any CPU
		{041EBAD7-E784-4C1B-A058-63F1DB629D3F}.Release|Any CPU.ActiveCfg = Release|Any CPU
		{041EBAD7-E784-4C1B-A058-63F1DB629D3F}.Release|Any CPU.Build.0 = Release|Any CPU
		{09A11DAD-75FC-4B7B-A0C2-57F9A0B5BDA3}.Debug|Any CPU.ActiveCfg = Debug|Any CPU
		{09A11DAD-75FC-4B7B-A0C2-57F9A0B5BDA3}.Debug|Any CPU.Build.0 = Debug|Any CPU
		{09A11DAD-75FC-4B7B-A0C2-57F9A0B5BDA3}.Release|Any CPU.ActiveCfg = Release|Any CPU
		{09A11DAD-75FC-4B7B-A0C2-57F9A0B5BDA3}.Release|Any CPU.Build.0 = Release|Any CPU
		{4D9F9327-0A10-4507-B200-6BF9606AADE3}.Debug|Any CPU.ActiveCfg = Debug|Any CPU
		{4D9F9327-0A10-4507-B200-6BF9606AADE3}.Debug|Any CPU.Build.0 = Debug|Any CPU
		{4D9F9327-0A10-4507-B200-6BF9606AADE3}.Release|Any CPU.ActiveCfg = Release|Any CPU
		{4D9F9327-0A10-4507-B200-6BF9606AADE3}.Release|Any CPU.Build.0 = Release|Any CPU
	EndGlobalSection
	GlobalSection(SolutionProperties) = preSolution
		HideSolutionNode = FALSE
	EndGlobalSection
	GlobalSection(ExtensibilityGlobals) = postSolution
		SolutionGuid = {A3B75910-0305-4DB3-91B6-B9060C924EDC}
	EndGlobalSection
EndGlobal
